
Microsoft Visual Studio Solution File, Format Version 12.00
# Visual Studio Version 17
VisualStudioVersion = 17.11.35208.52
MinimumVisualStudioVersion = 10.0.40219.1
Project("{8BC9CEB8-8B4A-11D0-8D11-00A0C91BC942}") = "Next Greater Numerically Balanced Number", "Next Greater Numerically Balanced Number.vcxproj", "{0BFBFEC8-3B08-414A-B9A2-EAE960C9926E}"
EndProject
Global
	GlobalSection(SolutionConfigurationPlatforms) = preSolution
		Debug|x64 = Debug|x64
		Debug|x86 = Debug|x86
		Release|x64 = Release|x64
		Release|x86 = Release|x86
	EndGlobalSection
	GlobalSection(ProjectConfigurationPlatforms) = postSolution
		{0BFBFEC8-3B08-414A-B9A2-EAE960C9926E}.Debug|x64.ActiveCfg = Debug|x64
		{0BFBFEC8-3B08-414A-B9A2-EAE960C9926E}.Debug|x64.Build.0 = Debug|x64
		{0BFBFEC8-3B08-414A-B9A2-EAE960C9926E}.Debug|x86.ActiveCfg = Debug|Win32
		{0BFBFEC8-3B08-414A-B9A2-EAE960C9926E}.Debug|x86.Build.0 = Debug|Win32
		{0BFBFEC8-3B08-414A-B9A2-EAE960C9926E}.Release|x64.ActiveCfg = Release|x64
		{0BFBFEC8-3B08-414A-B9A2-EAE960C9926E}.Release|x64.Build.0 = Release|x64
		{0BFBFEC8-3B08-414A-B9A2-EAE960C9926E}.Release|x86.ActiveCfg = Release|Win32
		{0BFBFEC8-3B08-414A-B9A2-EAE960C9926E}.Release|x86.Build.0 = Release|Win32
	EndGlobalSection
	GlobalSection(SolutionProperties) = preSolution
		HideSolutionNode = FALSE
	EndGlobalSection
	GlobalSection(ExtensibilityGlobals) = postSolution
		SolutionGuid = {EC4732D2-0F10-406D-B6AF-2390DFFE68A7}
	EndGlobalSection
EndGlobal
