
Microsoft Visual Studio Solution File, Format Version 12.00
# Visual Studio Version 17
VisualStudioVersion = 17.11.35208.52
MinimumVisualStudioVersion = 10.0.40219.1
Project("{8BC9CEB8-8B4A-11D0-8D11-00A0C91BC942}") = "Construct Smallest Number From DI String", "Construct Smallest Number From DI String.vcxproj", "{2C43FE38-288C-4990-92C4-160B988FC902}"
EndProject
Global
	GlobalSection(SolutionConfigurationPlatforms) = preSolution
		Debug|x64 = Debug|x64
		Debug|x86 = Debug|x86
		Release|x64 = Release|x64
		Release|x86 = Release|x86
	EndGlobalSection
	GlobalSection(ProjectConfigurationPlatforms) = postSolution
		{2C43FE38-288C-4990-92C4-160B988FC902}.Debug|x64.ActiveCfg = Debug|x64
		{2C43FE38-288C-4990-92C4-160B988FC902}.Debug|x64.Build.0 = Debug|x64
		{2C43FE38-288C-4990-92C4-160B988FC902}.Debug|x86.ActiveCfg = Debug|Win32
		{2C43FE38-288C-4990-92C4-160B988FC902}.Debug|x86.Build.0 = Debug|Win32
		{2C43FE38-288C-4990-92C4-160B988FC902}.Release|x64.ActiveCfg = Release|x64
		{2C43FE38-288C-4990-92C4-160B988FC902}.Release|x64.Build.0 = Release|x64
		{2C43FE38-288C-4990-92C4-160B988FC902}.Release|x86.ActiveCfg = Release|Win32
		{2C43FE38-288C-4990-92C4-160B988FC902}.Release|x86.Build.0 = Release|Win32
	EndGlobalSection
	GlobalSection(SolutionProperties) = preSolution
		HideSolutionNode = FALSE
	EndGlobalSection
	GlobalSection(ExtensibilityGlobals) = postSolution
		SolutionGuid = {195373B8-FDC1-4858-AC55-2267F080D168}
	EndGlobalSection
EndGlobal
