
Microsoft Visual Studio Solution File, Format Version 12.00
# Visual Studio Version 17
VisualStudioVersion = 17.11.35208.52
MinimumVisualStudioVersion = 10.0.40219.1
Project("{8BC9CEB8-8B4A-11D0-8D11-00A0C91BC942}") = "Majority Element", "Majority Element.vcxproj", "{B7EBE039-C87C-44FF-AA33-083AA692DE6F}"
EndProject
Global
	GlobalSection(SolutionConfigurationPlatforms) = preSolution
		Debug|x64 = Debug|x64
		Debug|x86 = Debug|x86
		Release|x64 = Release|x64
		Release|x86 = Release|x86
	EndGlobalSection
	GlobalSection(ProjectConfigurationPlatforms) = postSolution
		{B7EBE039-C87C-44FF-AA33-083AA692DE6F}.Debug|x64.ActiveCfg = Debug|x64
		{B7EBE039-C87C-44FF-AA33-083AA692DE6F}.Debug|x64.Build.0 = Debug|x64
		{B7EBE039-C87C-44FF-AA33-083AA692DE6F}.Debug|x86.ActiveCfg = Debug|Win32
		{B7EBE039-C87C-44FF-AA33-083AA692DE6F}.Debug|x86.Build.0 = Debug|Win32
		{B7EBE039-C87C-44FF-AA33-083AA692DE6F}.Release|x64.ActiveCfg = Release|x64
		{B7EBE039-C87C-44FF-AA33-083AA692DE6F}.Release|x64.Build.0 = Release|x64
		{B7EBE039-C87C-44FF-AA33-083AA692DE6F}.Release|x86.ActiveCfg = Release|Win32
		{B7EBE039-C87C-44FF-AA33-083AA692DE6F}.Release|x86.Build.0 = Release|Win32
	EndGlobalSection
	GlobalSection(SolutionProperties) = preSolution
		HideSolutionNode = FALSE
	EndGlobalSection
	GlobalSection(ExtensibilityGlobals) = postSolution
		SolutionGuid = {343A58ED-DD27-4A60-A369-79441E59706D}
	EndGlobalSection
EndGlobal
