
Microsoft Visual Studio Solution File, Format Version 12.00
# Visual Studio Version 17
VisualStudioVersion = 17.11.35208.52
MinimumVisualStudioVersion = 10.0.40219.1
Project("{8BC9CEB8-8B4A-11D0-8D11-00A0C91BC942}") = "Number of Squareful Arrays", "Number of Squareful Arrays.vcxproj", "{92659420-5CD6-4E93-8C3E-C3CC3B619857}"
EndProject
Global
	GlobalSection(SolutionConfigurationPlatforms) = preSolution
		Debug|x64 = Debug|x64
		Debug|x86 = Debug|x86
		Release|x64 = Release|x64
		Release|x86 = Release|x86
	EndGlobalSection
	GlobalSection(ProjectConfigurationPlatforms) = postSolution
		{92659420-5CD6-4E93-8C3E-C3CC3B619857}.Debug|x64.ActiveCfg = Debug|x64
		{92659420-5CD6-4E93-8C3E-C3CC3B619857}.Debug|x64.Build.0 = Debug|x64
		{92659420-5CD6-4E93-8C3E-C3CC3B619857}.Debug|x86.ActiveCfg = Debug|Win32
		{92659420-5CD6-4E93-8C3E-C3CC3B619857}.Debug|x86.Build.0 = Debug|Win32
		{92659420-5CD6-4E93-8C3E-C3CC3B619857}.Release|x64.ActiveCfg = Release|x64
		{92659420-5CD6-4E93-8C3E-C3CC3B619857}.Release|x64.Build.0 = Release|x64
		{92659420-5CD6-4E93-8C3E-C3CC3B619857}.Release|x86.ActiveCfg = Release|Win32
		{92659420-5CD6-4E93-8C3E-C3CC3B619857}.Release|x86.Build.0 = Release|Win32
	EndGlobalSection
	GlobalSection(SolutionProperties) = preSolution
		HideSolutionNode = FALSE
	EndGlobalSection
	GlobalSection(ExtensibilityGlobals) = postSolution
		SolutionGuid = {2E0E63A4-0E12-4491-B321-1F0E5DBFC683}
	EndGlobalSection
EndGlobal
