
Microsoft Visual Studio Solution File, Format Version 12.00
# Visual Studio Version 17
VisualStudioVersion = 17.11.35208.52
MinimumVisualStudioVersion = 10.0.40219.1
Project("{8BC9CEB8-8B4A-11D0-8D11-00A0C91BC942}") = "Path with Maximum Probability", "Path with Maximum Probability.vcxproj", "{567F7EB4-3F9B-4A8F-858B-F82DAAFA8241}"
EndProject
Global
	GlobalSection(SolutionConfigurationPlatforms) = preSolution
		Debug|x64 = Debug|x64
		Debug|x86 = Debug|x86
		Release|x64 = Release|x64
		Release|x86 = Release|x86
	EndGlobalSection
	GlobalSection(ProjectConfigurationPlatforms) = postSolution
		{567F7EB4-3F9B-4A8F-858B-F82DAAFA8241}.Debug|x64.ActiveCfg = Debug|x64
		{567F7EB4-3F9B-4A8F-858B-F82DAAFA8241}.Debug|x64.Build.0 = Debug|x64
		{567F7EB4-3F9B-4A8F-858B-F82DAAFA8241}.Debug|x86.ActiveCfg = Debug|Win32
		{567F7EB4-3F9B-4A8F-858B-F82DAAFA8241}.Debug|x86.Build.0 = Debug|Win32
		{567F7EB4-3F9B-4A8F-858B-F82DAAFA8241}.Release|x64.ActiveCfg = Release|x64
		{567F7EB4-3F9B-4A8F-858B-F82DAAFA8241}.Release|x64.Build.0 = Release|x64
		{567F7EB4-3F9B-4A8F-858B-F82DAAFA8241}.Release|x86.ActiveCfg = Release|Win32
		{567F7EB4-3F9B-4A8F-858B-F82DAAFA8241}.Release|x86.Build.0 = Release|Win32
	EndGlobalSection
	GlobalSection(SolutionProperties) = preSolution
		HideSolutionNode = FALSE
	EndGlobalSection
	GlobalSection(ExtensibilityGlobals) = postSolution
		SolutionGuid = {F2EFFEC3-1FA0-4814-B752-5318938C09F6}
	EndGlobalSection
EndGlobal
