
Microsoft Visual Studio Solution File, Format Version 12.00
# Visual Studio Version 17
VisualStudioVersion = 17.11.35208.52
MinimumVisualStudioVersion = 10.0.40219.1
Project("{8BC9CEB8-8B4A-11D0-8D11-00A0C91BC942}") = "Minimum Number of Increments on Subarrays to Form a Target Array", "Minimum Number of Increments on Subarrays to Form a Target Array.vcxproj", "{C0951ADA-2F85-4AA1-9F6D-6215A64FEA8E}"
EndProject
Global
	GlobalSection(SolutionConfigurationPlatforms) = preSolution
		Debug|x64 = Debug|x64
		Debug|x86 = Debug|x86
		Release|x64 = Release|x64
		Release|x86 = Release|x86
	EndGlobalSection
	GlobalSection(ProjectConfigurationPlatforms) = postSolution
		{C0951ADA-2F85-4AA1-9F6D-6215A64FEA8E}.Debug|x64.ActiveCfg = Debug|x64
		{C0951ADA-2F85-4AA1-9F6D-6215A64FEA8E}.Debug|x64.Build.0 = Debug|x64
		{C0951ADA-2F85-4AA1-9F6D-6215A64FEA8E}.Debug|x86.ActiveCfg = Debug|Win32
		{C0951ADA-2F85-4AA1-9F6D-6215A64FEA8E}.Debug|x86.Build.0 = Debug|Win32
		{C0951ADA-2F85-4AA1-9F6D-6215A64FEA8E}.Release|x64.ActiveCfg = Release|x64
		{C0951ADA-2F85-4AA1-9F6D-6215A64FEA8E}.Release|x64.Build.0 = Release|x64
		{C0951ADA-2F85-4AA1-9F6D-6215A64FEA8E}.Release|x86.ActiveCfg = Release|Win32
		{C0951ADA-2F85-4AA1-9F6D-6215A64FEA8E}.Release|x86.Build.0 = Release|Win32
	EndGlobalSection
	GlobalSection(SolutionProperties) = preSolution
		HideSolutionNode = FALSE
	EndGlobalSection
	GlobalSection(ExtensibilityGlobals) = postSolution
		SolutionGuid = {6A7F7C6D-BAA3-4137-99F3-B9843B4F75F7}
	EndGlobalSection
EndGlobal
